# Pinned dependency sources and tags for build.sh
# Update with: ./update-dependency-lock.sh

ZLIB_REPO="https://github.com/madler/zlib.git"
ZLIB_TAG="v1.3.2"

LIBOGG_REPO="https://github.com/xiph/ogg.git"
LIBOGG_TAG="v1.3.6"

LIBVORBIS_REPO="https://github.com/xiph/vorbis.git"
LIBVORBIS_TAG="v1.3.7"

OPUS_REPO="https://github.com/xiph/opus.git"
OPUS_TAG="v1.6.1"

LAME_REPO="https://github.com/enzo1982/lame.git"
LAME_TAG="RELEASE__4_0"

LIBVPX_REPO="https://github.com/webmproject/libvpx.git"
LIBVPX_TAG="v1.17.0"

LIBAOM_REPO="https://aomedia.googlesource.com/aom"
LIBAOM_TAG="v3.15.1"

DAV1D_REPO="https://code.videolan.org/videolan/dav1d.git"
DAV1D_TAG="1.5.4"

X264_REPO="https://github.com/mirror/x264.git"
X264_REF="c24e06c2e184345ceb33eb20a15d1024d9fd3497"

X265_REPO="https://bitbucket.org/multicoreware/x265_git.git"
X265_TAG="4.2"

EXPAT_REPO="https://github.com/libexpat/libexpat.git"
EXPAT_TAG="R_2_8_5"

FREETYPE_REPO="https://github.com/freetype/freetype.git"
FREETYPE_TAG="VER-2-14-3"

HARFBUZZ_REPO="https://github.com/harfbuzz/harfbuzz.git"
HARFBUZZ_TAG="14.5.0"

FRIBIDI_REPO="https://github.com/fribidi/fribidi.git"
FRIBIDI_TAG="v1.0.17"

FONTCONFIG_REPO="https://gitlab.freedesktop.org/fontconfig/fontconfig.git"
FONTCONFIG_TAG="2.18.3"

LIBASS_REPO="https://github.com/libass/libass.git"
LIBASS_TAG="0.17.5"
